
Microsoft Visual Studio Solution File, Format Version 12.00
# Visual Studio 15
VisualStudioVersion = 15.0.27703.2035
MinimumVisualStudioVersion = 10.0.40219.1
Project("{FAE04EC0-301F-11D3-BF4B-00C04F79EFBC}") = "LINQDemo.Library", "LINQDemo.Library\LINQDemo.Library.csproj", "{0C147F41-98F7-4607-BAA0-1AFED6DA6EA3}"
EndProject
Project("{FAE04EC0-301F-11D3-BF4B-00C04F79EFBC}") = "LINQDemo.Testing", "LINQDemo.Testing\LINQDemo.Testing.csproj", "{8508B5A0-7ADF-4FE6-8F3F-93E797C156D0}"
EndProject
Global
	GlobalSection(SolutionConfigurationPlatforms) = preSolution
		Debug|Any CPU = Debug|Any CPU
		Release|Any CPU = Release|Any CPU
	EndGlobalSection
	GlobalSection(ProjectConfigurationPlatforms) = postSolution
		{0C147F41-98F7-4607-BAA0-1AFED6DA6EA3}.Debug|Any CPU.ActiveCfg = Debug|Any CPU
		{0C147F41-98F7-4607-BAA0-1AFED6DA6EA3}.Debug|Any CPU.Build.0 = Debug|Any CPU
		{0C147F41-98F7-4607-BAA0-1AFED6DA6EA3}.Release|Any CPU.ActiveCfg = Release|Any CPU
		{0C147F41-98F7-4607-BAA0-1AFED6DA6EA3}.Release|Any CPU.Build.0 = Release|Any CPU
		{8508B5A0-7ADF-4FE6-8F3F-93E797C156D0}.Debug|Any CPU.ActiveCfg = Debug|Any CPU
		{8508B5A0-7ADF-4FE6-8F3F-93E797C156D0}.Debug|Any CPU.Build.0 = Debug|Any CPU
		{8508B5A0-7ADF-4FE6-8F3F-93E797C156D0}.Release|Any CPU.ActiveCfg = Release|Any CPU
		{8508B5A0-7ADF-4FE6-8F3F-93E797C156D0}.Release|Any CPU.Build.0 = Release|Any CPU
	EndGlobalSection
	GlobalSection(SolutionProperties) = preSolution
		HideSolutionNode = FALSE
	EndGlobalSection
	GlobalSection(ExtensibilityGlobals) = postSolution
		SolutionGuid = {3E1575FF-79EE-4358-ACC8-2F5499638483}
	EndGlobalSection
EndGlobal
