
Microsoft Visual Studio Solution File, Format Version 12.00
# Visual Studio 15
VisualStudioVersion = 15.0.27703.2035
MinimumVisualStudioVersion = 10.0.40219.1
Project("{FAE04EC0-301F-11D3-BF4B-00C04F79EFBC}") = "PalindromeChallenge.Library", "PalindromeChallenge.Library\PalindromeChallenge.Library.csproj", "{875B5A7C-AC6B-4A91-A559-14983E644D8C}"
EndProject
Global
	GlobalSection(SolutionConfigurationPlatforms) = preSolution
		Debug|Any CPU = Debug|Any CPU
		Release|Any CPU = Release|Any CPU
	EndGlobalSection
	GlobalSection(ProjectConfigurationPlatforms) = postSolution
		{875B5A7C-AC6B-4A91-A559-14983E644D8C}.Debug|Any CPU.ActiveCfg = Debug|Any CPU
		{875B5A7C-AC6B-4A91-A559-14983E644D8C}.Debug|Any CPU.Build.0 = Debug|Any CPU
		{875B5A7C-AC6B-4A91-A559-14983E644D8C}.Release|Any CPU.ActiveCfg = Release|Any CPU
		{875B5A7C-AC6B-4A91-A559-14983E644D8C}.Release|Any CPU.Build.0 = Release|Any CPU
	EndGlobalSection
	GlobalSection(SolutionProperties) = preSolution
		HideSolutionNode = FALSE
	EndGlobalSection
	GlobalSection(ExtensibilityGlobals) = postSolution
		SolutionGuid = {2D79F885-F7F5-4F9D-8FF0-506F22083533}
	EndGlobalSection
EndGlobal
