
Microsoft Visual Studio Solution File, Format Version 12.00
# Visual Studio 15
VisualStudioVersion = 15.0.27703.2035
MinimumVisualStudioVersion = 10.0.40219.1
Project("{FAE04EC0-301F-11D3-BF4B-00C04F79EFBC}") = "Singleton.Interface", "Singleton.Interface\Singleton.Interface.csproj", "{40C47090-7DC5-44BA-9490-7B6595AF283E}"
EndProject
Project("{FAE04EC0-301F-11D3-BF4B-00C04F79EFBC}") = "Singleton.Test", "Singleton.Test\Singleton.Test.csproj", "{AC85D668-A902-45D7-8AF0-679D9AC6BB6F}"
EndProject
Project("{FAE04EC0-301F-11D3-BF4B-00C04F79EFBC}") = "Singleton.Library", "Singleton.Library\Singleton.Library.csproj", "{30BF6D7D-743D-4F39-A6AD-8DE474A4397F}"
EndProject
Global
	GlobalSection(SolutionConfigurationPlatforms) = preSolution
		Debug|Any CPU = Debug|Any CPU
		Release|Any CPU = Release|Any CPU
	EndGlobalSection
	GlobalSection(ProjectConfigurationPlatforms) = postSolution
		{40C47090-7DC5-44BA-9490-7B6595AF283E}.Debug|Any CPU.ActiveCfg = Debug|Any CPU
		{40C47090-7DC5-44BA-9490-7B6595AF283E}.Debug|Any CPU.Build.0 = Debug|Any CPU
		{40C47090-7DC5-44BA-9490-7B6595AF283E}.Release|Any CPU.ActiveCfg = Release|Any CPU
		{40C47090-7DC5-44BA-9490-7B6595AF283E}.Release|Any CPU.Build.0 = Release|Any CPU
		{AC85D668-A902-45D7-8AF0-679D9AC6BB6F}.Debug|Any CPU.ActiveCfg = Debug|Any CPU
		{AC85D668-A902-45D7-8AF0-679D9AC6BB6F}.Debug|Any CPU.Build.0 = Debug|Any CPU
		{AC85D668-A902-45D7-8AF0-679D9AC6BB6F}.Release|Any CPU.ActiveCfg = Release|Any CPU
		{AC85D668-A902-45D7-8AF0-679D9AC6BB6F}.Release|Any CPU.Build.0 = Release|Any CPU
		{30BF6D7D-743D-4F39-A6AD-8DE474A4397F}.Debug|Any CPU.ActiveCfg = Debug|Any CPU
		{30BF6D7D-743D-4F39-A6AD-8DE474A4397F}.Debug|Any CPU.Build.0 = Debug|Any CPU
		{30BF6D7D-743D-4F39-A6AD-8DE474A4397F}.Release|Any CPU.ActiveCfg = Release|Any CPU
		{30BF6D7D-743D-4F39-A6AD-8DE474A4397F}.Release|Any CPU.Build.0 = Release|Any CPU
	EndGlobalSection
	GlobalSection(SolutionProperties) = preSolution
		HideSolutionNode = FALSE
	EndGlobalSection
	GlobalSection(ExtensibilityGlobals) = postSolution
		SolutionGuid = {E0674B6E-609F-4F23-BC81-8D76B0D80D7B}
	EndGlobalSection
EndGlobal
