
Microsoft Visual Studio Solution File, Format Version 12.00
# Visual Studio 15
VisualStudioVersion = 15.0.27703.2035
MinimumVisualStudioVersion = 10.0.40219.1
Project("{FAE04EC0-301F-11D3-BF4B-00C04F79EFBC}") = "EFDBFirstDemo.ConsoleApp", "EFDBFirstDemo.ConsoleApp\EFDBFirstDemo.ConsoleApp.csproj", "{2F8D8A82-4075-4997-8E58-876694EBF8CA}"
EndProject
Project("{FAE04EC0-301F-11D3-BF4B-00C04F79EFBC}") = "EFDBFirstDemo.Data", "EFDBFirstDemo.Data\EFDBFirstDemo.Data.csproj", "{B788A67D-34DE-4976-B447-7062DB8B356A}"
EndProject
Global
	GlobalSection(SolutionConfigurationPlatforms) = preSolution
		Debug|Any CPU = Debug|Any CPU
		Release|Any CPU = Release|Any CPU
	EndGlobalSection
	GlobalSection(ProjectConfigurationPlatforms) = postSolution
		{2F8D8A82-4075-4997-8E58-876694EBF8CA}.Debug|Any CPU.ActiveCfg = Debug|Any CPU
		{2F8D8A82-4075-4997-8E58-876694EBF8CA}.Debug|Any CPU.Build.0 = Debug|Any CPU
		{2F8D8A82-4075-4997-8E58-876694EBF8CA}.Release|Any CPU.ActiveCfg = Release|Any CPU
		{2F8D8A82-4075-4997-8E58-876694EBF8CA}.Release|Any CPU.Build.0 = Release|Any CPU
		{B788A67D-34DE-4976-B447-7062DB8B356A}.Debug|Any CPU.ActiveCfg = Debug|Any CPU
		{B788A67D-34DE-4976-B447-7062DB8B356A}.Debug|Any CPU.Build.0 = Debug|Any CPU
		{B788A67D-34DE-4976-B447-7062DB8B356A}.Release|Any CPU.ActiveCfg = Release|Any CPU
		{B788A67D-34DE-4976-B447-7062DB8B356A}.Release|Any CPU.Build.0 = Release|Any CPU
	EndGlobalSection
	GlobalSection(SolutionProperties) = preSolution
		HideSolutionNode = FALSE
	EndGlobalSection
	GlobalSection(ExtensibilityGlobals) = postSolution
		SolutionGuid = {FBA3C536-4654-4C71-8D2F-93C55710C1D1}
	EndGlobalSection
EndGlobal
