
Microsoft Visual Studio Solution File, Format Version 12.00
# Visual Studio 15
VisualStudioVersion = 15.0.27703.2035
MinimumVisualStudioVersion = 10.0.40219.1
Project("{FAE04EC0-301F-11D3-BF4B-00C04F79EFBC}") = "EFDBFirstDemo.ConsoleApp", "EFDBFirstDemo.ConsoleApp\EFDBFirstDemo.ConsoleApp.csproj", "{16EDB0BE-3E54-4360-B76D-DC89C7BA7283}"
EndProject
Project("{FAE04EC0-301F-11D3-BF4B-00C04F79EFBC}") = "EFDBFirstDemo.Data", "EFDBFirstDemo.Data\EFDBFirstDemo.Data.csproj", "{14FF1A45-1058-4F8F-9067-63593900A386}"
EndProject
Global
	GlobalSection(SolutionConfigurationPlatforms) = preSolution
		Debug|Any CPU = Debug|Any CPU
		Release|Any CPU = Release|Any CPU
	EndGlobalSection
	GlobalSection(ProjectConfigurationPlatforms) = postSolution
		{16EDB0BE-3E54-4360-B76D-DC89C7BA7283}.Debug|Any CPU.ActiveCfg = Debug|Any CPU
		{16EDB0BE-3E54-4360-B76D-DC89C7BA7283}.Debug|Any CPU.Build.0 = Debug|Any CPU
		{16EDB0BE-3E54-4360-B76D-DC89C7BA7283}.Release|Any CPU.ActiveCfg = Release|Any CPU
		{16EDB0BE-3E54-4360-B76D-DC89C7BA7283}.Release|Any CPU.Build.0 = Release|Any CPU
		{14FF1A45-1058-4F8F-9067-63593900A386}.Debug|Any CPU.ActiveCfg = Debug|Any CPU
		{14FF1A45-1058-4F8F-9067-63593900A386}.Debug|Any CPU.Build.0 = Debug|Any CPU
		{14FF1A45-1058-4F8F-9067-63593900A386}.Release|Any CPU.ActiveCfg = Release|Any CPU
		{14FF1A45-1058-4F8F-9067-63593900A386}.Release|Any CPU.Build.0 = Release|Any CPU
	EndGlobalSection
	GlobalSection(SolutionProperties) = preSolution
		HideSolutionNode = FALSE
	EndGlobalSection
	GlobalSection(ExtensibilityGlobals) = postSolution
		SolutionGuid = {64F6CCF7-3B86-465C-ADCF-D5580B28C095}
	EndGlobalSection
EndGlobal
