
Microsoft Visual Studio Solution File, Format Version 12.00
# Visual Studio 15
VisualStudioVersion = 15.0.27703.2035
MinimumVisualStudioVersion = 10.0.40219.1
Project("{FAE04EC0-301F-11D3-BF4B-00C04F79EFBC}") = "NLogTest", "NLogTest\NLogTest.csproj", "{C333C811-F58D-4BB9-91D4-E39A01F168D3}"
EndProject
Global
	GlobalSection(SolutionConfigurationPlatforms) = preSolution
		Debug|Any CPU = Debug|Any CPU
		Release|Any CPU = Release|Any CPU
	EndGlobalSection
	GlobalSection(ProjectConfigurationPlatforms) = postSolution
		{C333C811-F58D-4BB9-91D4-E39A01F168D3}.Debug|Any CPU.ActiveCfg = Debug|Any CPU
		{C333C811-F58D-4BB9-91D4-E39A01F168D3}.Debug|Any CPU.Build.0 = Debug|Any CPU
		{C333C811-F58D-4BB9-91D4-E39A01F168D3}.Release|Any CPU.ActiveCfg = Release|Any CPU
		{C333C811-F58D-4BB9-91D4-E39A01F168D3}.Release|Any CPU.Build.0 = Release|Any CPU
	EndGlobalSection
	GlobalSection(SolutionProperties) = preSolution
		HideSolutionNode = FALSE
	EndGlobalSection
	GlobalSection(ExtensibilityGlobals) = postSolution
		SolutionGuid = {87A73A09-9E1F-4B5D-BF5E-E70C10C7D5D0}
	EndGlobalSection
EndGlobal
