
Microsoft Visual Studio Solution File, Format Version 12.00
# Visual Studio 15
VisualStudioVersion = 15.0.27703.2035
MinimumVisualStudioVersion = 10.0.40219.1
Project("{FAE04EC0-301F-11D3-BF4B-00C04F79EFBC}") = "Collections", "Collections\Collections.csproj", "{44E738E7-24C2-4BCC-9DB3-4687BE9FAA56}"
EndProject
Global
	GlobalSection(SolutionConfigurationPlatforms) = preSolution
		Debug|Any CPU = Debug|Any CPU
		Release|Any CPU = Release|Any CPU
	EndGlobalSection
	GlobalSection(ProjectConfigurationPlatforms) = postSolution
		{44E738E7-24C2-4BCC-9DB3-4687BE9FAA56}.Debug|Any CPU.ActiveCfg = Debug|Any CPU
		{44E738E7-24C2-4BCC-9DB3-4687BE9FAA56}.Debug|Any CPU.Build.0 = Debug|Any CPU
		{44E738E7-24C2-4BCC-9DB3-4687BE9FAA56}.Release|Any CPU.ActiveCfg = Release|Any CPU
		{44E738E7-24C2-4BCC-9DB3-4687BE9FAA56}.Release|Any CPU.Build.0 = Release|Any CPU
	EndGlobalSection
	GlobalSection(SolutionProperties) = preSolution
		HideSolutionNode = FALSE
	EndGlobalSection
	GlobalSection(ExtensibilityGlobals) = postSolution
		SolutionGuid = {4B092C33-309F-4A60-B505-E9C628D68B76}
	EndGlobalSection
EndGlobal
