
Microsoft Visual Studio Solution File, Format Version 12.00
# Visual Studio 15
VisualStudioVersion = 15.0.27703.2035
MinimumVisualStudioVersion = 10.0.40219.1
Project("{FAE04EC0-301F-11D3-BF4B-00C04F79EFBC}") = "Collections", "Collections\Collections.csproj", "{EC9A6BC6-110A-4319-AB65-AFF6EDAD3AC4}"
EndProject
Global
	GlobalSection(SolutionConfigurationPlatforms) = preSolution
		Debug|Any CPU = Debug|Any CPU
		Release|Any CPU = Release|Any CPU
	EndGlobalSection
	GlobalSection(ProjectConfigurationPlatforms) = postSolution
		{EC9A6BC6-110A-4319-AB65-AFF6EDAD3AC4}.Debug|Any CPU.ActiveCfg = Debug|Any CPU
		{EC9A6BC6-110A-4319-AB65-AFF6EDAD3AC4}.Debug|Any CPU.Build.0 = Debug|Any CPU
		{EC9A6BC6-110A-4319-AB65-AFF6EDAD3AC4}.Release|Any CPU.ActiveCfg = Release|Any CPU
		{EC9A6BC6-110A-4319-AB65-AFF6EDAD3AC4}.Release|Any CPU.Build.0 = Release|Any CPU
	EndGlobalSection
	GlobalSection(SolutionProperties) = preSolution
		HideSolutionNode = FALSE
	EndGlobalSection
	GlobalSection(ExtensibilityGlobals) = postSolution
		SolutionGuid = {A2557CF7-9837-4ACC-9F96-B9DDE537E488}
	EndGlobalSection
EndGlobal
