
Microsoft Visual Studio Solution File, Format Version 12.00
# Visual Studio 15
VisualStudioVersion = 15.0.27703.2035
MinimumVisualStudioVersion = 10.0.40219.1
Project("{FAE04EC0-301F-11D3-BF4B-00C04F79EFBC}") = "PizzaApp", "PizzaApp\PizzaApp.csproj", "{CFA5C649-38E6-4930-9737-D58B9189BDD5}"
EndProject
Project("{FAE04EC0-301F-11D3-BF4B-00C04F79EFBC}") = "PizzaLibrary", "PizzaLibrary\PizzaLibrary.csproj", "{97DCAFE6-6BA7-4C7A-BE1A-D6A73EC0979A}"
EndProject
Project("{FAE04EC0-301F-11D3-BF4B-00C04F79EFBC}") = "XUnitTestPizza", "XUnitTestPizza\XUnitTestPizza.csproj", "{F51E60C1-98A8-4D29-8FD0-2BA3A7E10733}"
EndProject
Global
	GlobalSection(SolutionConfigurationPlatforms) = preSolution
		Debug|Any CPU = Debug|Any CPU
		Release|Any CPU = Release|Any CPU
	EndGlobalSection
	GlobalSection(ProjectConfigurationPlatforms) = postSolution
		{CFA5C649-38E6-4930-9737-D58B9189BDD5}.Debug|Any CPU.ActiveCfg = Debug|Any CPU
		{CFA5C649-38E6-4930-9737-D58B9189BDD5}.Debug|Any CPU.Build.0 = Debug|Any CPU
		{CFA5C649-38E6-4930-9737-D58B9189BDD5}.Release|Any CPU.ActiveCfg = Release|Any CPU
		{CFA5C649-38E6-4930-9737-D58B9189BDD5}.Release|Any CPU.Build.0 = Release|Any CPU
		{97DCAFE6-6BA7-4C7A-BE1A-D6A73EC0979A}.Debug|Any CPU.ActiveCfg = Debug|Any CPU
		{97DCAFE6-6BA7-4C7A-BE1A-D6A73EC0979A}.Debug|Any CPU.Build.0 = Debug|Any CPU
		{97DCAFE6-6BA7-4C7A-BE1A-D6A73EC0979A}.Release|Any CPU.ActiveCfg = Release|Any CPU
		{97DCAFE6-6BA7-4C7A-BE1A-D6A73EC0979A}.Release|Any CPU.Build.0 = Release|Any CPU
		{F51E60C1-98A8-4D29-8FD0-2BA3A7E10733}.Debug|Any CPU.ActiveCfg = Debug|Any CPU
		{F51E60C1-98A8-4D29-8FD0-2BA3A7E10733}.Debug|Any CPU.Build.0 = Debug|Any CPU
		{F51E60C1-98A8-4D29-8FD0-2BA3A7E10733}.Release|Any CPU.ActiveCfg = Release|Any CPU
		{F51E60C1-98A8-4D29-8FD0-2BA3A7E10733}.Release|Any CPU.Build.0 = Release|Any CPU
	EndGlobalSection
	GlobalSection(SolutionProperties) = preSolution
		HideSolutionNode = FALSE
	EndGlobalSection
	GlobalSection(ExtensibilityGlobals) = postSolution
		SolutionGuid = {01D766DB-8A89-434A-92E0-7A48077EA1A7}
	EndGlobalSection
EndGlobal
