
Microsoft Visual Studio Solution File, Format Version 12.00
# Visual Studio 15
VisualStudioVersion = 15.0.27703.2035
MinimumVisualStudioVersion = 10.0.40219.1
Project("{FAE04EC0-301F-11D3-BF4B-00C04F79EFBC}") = "Animals.UI", "Animals.UI\Animals.UI.csproj", "{564FC798-E9C1-4949-B472-47B33803E5E0}"
EndProject
Project("{FAE04EC0-301F-11D3-BF4B-00C04F79EFBC}") = "Animals.Library", "Animals.Library\Animals.Library.csproj", "{030B3770-C9B1-4C51-84AA-D94C2ECADA34}"
EndProject
Global
	GlobalSection(SolutionConfigurationPlatforms) = preSolution
		Debug|Any CPU = Debug|Any CPU
		Release|Any CPU = Release|Any CPU
	EndGlobalSection
	GlobalSection(ProjectConfigurationPlatforms) = postSolution
		{564FC798-E9C1-4949-B472-47B33803E5E0}.Debug|Any CPU.ActiveCfg = Debug|Any CPU
		{564FC798-E9C1-4949-B472-47B33803E5E0}.Debug|Any CPU.Build.0 = Debug|Any CPU
		{564FC798-E9C1-4949-B472-47B33803E5E0}.Release|Any CPU.ActiveCfg = Release|Any CPU
		{564FC798-E9C1-4949-B472-47B33803E5E0}.Release|Any CPU.Build.0 = Release|Any CPU
		{030B3770-C9B1-4C51-84AA-D94C2ECADA34}.Debug|Any CPU.ActiveCfg = Debug|Any CPU
		{030B3770-C9B1-4C51-84AA-D94C2ECADA34}.Debug|Any CPU.Build.0 = Debug|Any CPU
		{030B3770-C9B1-4C51-84AA-D94C2ECADA34}.Release|Any CPU.ActiveCfg = Release|Any CPU
		{030B3770-C9B1-4C51-84AA-D94C2ECADA34}.Release|Any CPU.Build.0 = Release|Any CPU
	EndGlobalSection
	GlobalSection(SolutionProperties) = preSolution
		HideSolutionNode = FALSE
	EndGlobalSection
	GlobalSection(ExtensibilityGlobals) = postSolution
		SolutionGuid = {C8A32D9F-7FC7-4618-8CF7-8BB77085AB88}
	EndGlobalSection
EndGlobal
