
Microsoft Visual Studio Solution File, Format Version 12.00
# Visual Studio 15
VisualStudioVersion = 15.0.27703.2042
MinimumVisualStudioVersion = 10.0.40219.1
Project("{FAE04EC0-301F-11D3-BF4B-00C04F79EFBC}") = "TodoMvc", "TodoMvc\TodoMvc.csproj", "{D83622B5-B339-48B8-8193-BB0D7C41FC40}"
EndProject
Global
	GlobalSection(SolutionConfigurationPlatforms) = preSolution
		Debug|Any CPU = Debug|Any CPU
		Release|Any CPU = Release|Any CPU
	EndGlobalSection
	GlobalSection(ProjectConfigurationPlatforms) = postSolution
		{D83622B5-B339-48B8-8193-BB0D7C41FC40}.Debug|Any CPU.ActiveCfg = Debug|Any CPU
		{D83622B5-B339-48B8-8193-BB0D7C41FC40}.Debug|Any CPU.Build.0 = Debug|Any CPU
		{D83622B5-B339-48B8-8193-BB0D7C41FC40}.Release|Any CPU.ActiveCfg = Release|Any CPU
		{D83622B5-B339-48B8-8193-BB0D7C41FC40}.Release|Any CPU.Build.0 = Release|Any CPU
	EndGlobalSection
	GlobalSection(SolutionProperties) = preSolution
		HideSolutionNode = FALSE
	EndGlobalSection
	GlobalSection(ExtensibilityGlobals) = postSolution
		SolutionGuid = {268BC82D-DD99-46C6-A87E-E9074A743C9E}
	EndGlobalSection
EndGlobal
