
Microsoft Visual Studio Solution File, Format Version 12.00
# Visual Studio 15
VisualStudioVersion = 15.0.27703.2042
MinimumVisualStudioVersion = 10.0.40219.1
Project("{FAE04EC0-301F-11D3-BF4B-00C04F79EFBC}") = "TemperatureConversionService", "TemperatureConversionService\TemperatureConversionService.csproj", "{8C89D8C8-1EC2-40F7-B79E-B4E86836EF03}"
EndProject
Global
	GlobalSection(SolutionConfigurationPlatforms) = preSolution
		Debug|Any CPU = Debug|Any CPU
		Release|Any CPU = Release|Any CPU
	EndGlobalSection
	GlobalSection(ProjectConfigurationPlatforms) = postSolution
		{8C89D8C8-1EC2-40F7-B79E-B4E86836EF03}.Debug|Any CPU.ActiveCfg = Debug|Any CPU
		{8C89D8C8-1EC2-40F7-B79E-B4E86836EF03}.Debug|Any CPU.Build.0 = Debug|Any CPU
		{8C89D8C8-1EC2-40F7-B79E-B4E86836EF03}.Release|Any CPU.ActiveCfg = Release|Any CPU
		{8C89D8C8-1EC2-40F7-B79E-B4E86836EF03}.Release|Any CPU.Build.0 = Release|Any CPU
	EndGlobalSection
	GlobalSection(SolutionProperties) = preSolution
		HideSolutionNode = FALSE
	EndGlobalSection
	GlobalSection(ExtensibilityGlobals) = postSolution
		SolutionGuid = {F58F59FE-1254-49E2-9787-2CA932CCD579}
	EndGlobalSection
EndGlobal
