
Microsoft Visual Studio Solution File, Format Version 12.00
# Visual Studio 15
VisualStudioVersion = 15.0.27703.2035
MinimumVisualStudioVersion = 10.0.40219.1
Project("{FAE04EC0-301F-11D3-BF4B-00C04F79EFBC}") = "Singleton.Interface", "Singleton.Interface\Singleton.Interface.csproj", "{08C29D5C-B326-4584-8D04-7C91078D40CD}"
EndProject
Project("{FAE04EC0-301F-11D3-BF4B-00C04F79EFBC}") = "Singleton.Library", "Singleton.Library\Singleton.Library.csproj", "{DBC6DB3F-B368-4CBD-940E-36F8C8620679}"
EndProject
Project("{FAE04EC0-301F-11D3-BF4B-00C04F79EFBC}") = "Singleton.Test", "Singleton.Test\Singleton.Test.csproj", "{19EF39E1-400E-4406-B313-2A4AFA539587}"
EndProject
Global
	GlobalSection(SolutionConfigurationPlatforms) = preSolution
		Debug|Any CPU = Debug|Any CPU
		Release|Any CPU = Release|Any CPU
	EndGlobalSection
	GlobalSection(ProjectConfigurationPlatforms) = postSolution
		{08C29D5C-B326-4584-8D04-7C91078D40CD}.Debug|Any CPU.ActiveCfg = Debug|Any CPU
		{08C29D5C-B326-4584-8D04-7C91078D40CD}.Debug|Any CPU.Build.0 = Debug|Any CPU
		{08C29D5C-B326-4584-8D04-7C91078D40CD}.Release|Any CPU.ActiveCfg = Release|Any CPU
		{08C29D5C-B326-4584-8D04-7C91078D40CD}.Release|Any CPU.Build.0 = Release|Any CPU
		{DBC6DB3F-B368-4CBD-940E-36F8C8620679}.Debug|Any CPU.ActiveCfg = Debug|Any CPU
		{DBC6DB3F-B368-4CBD-940E-36F8C8620679}.Debug|Any CPU.Build.0 = Debug|Any CPU
		{DBC6DB3F-B368-4CBD-940E-36F8C8620679}.Release|Any CPU.ActiveCfg = Release|Any CPU
		{DBC6DB3F-B368-4CBD-940E-36F8C8620679}.Release|Any CPU.Build.0 = Release|Any CPU
		{19EF39E1-400E-4406-B313-2A4AFA539587}.Debug|Any CPU.ActiveCfg = Debug|Any CPU
		{19EF39E1-400E-4406-B313-2A4AFA539587}.Debug|Any CPU.Build.0 = Debug|Any CPU
		{19EF39E1-400E-4406-B313-2A4AFA539587}.Release|Any CPU.ActiveCfg = Release|Any CPU
		{19EF39E1-400E-4406-B313-2A4AFA539587}.Release|Any CPU.Build.0 = Release|Any CPU
	EndGlobalSection
	GlobalSection(SolutionProperties) = preSolution
		HideSolutionNode = FALSE
	EndGlobalSection
	GlobalSection(ExtensibilityGlobals) = postSolution
		SolutionGuid = {A47F7836-2530-4301-A02F-A42B2A94B67A}
	EndGlobalSection
EndGlobal
