
Microsoft Visual Studio Solution File, Format Version 12.00
# Visual Studio 15
VisualStudioVersion = 15.0.27703.2035
MinimumVisualStudioVersion = 10.0.40219.1
Project("{FAE04EC0-301F-11D3-BF4B-00C04F79EFBC}") = "Shaak_FizzBuzz", "Shaak_FizzBuzz\Shaak_FizzBuzz.csproj", "{3BAC92FB-3EAC-4D51-8FC4-F53A0976260A}"
EndProject
Global
	GlobalSection(SolutionConfigurationPlatforms) = preSolution
		Debug|Any CPU = Debug|Any CPU
		Release|Any CPU = Release|Any CPU
	EndGlobalSection
	GlobalSection(ProjectConfigurationPlatforms) = postSolution
		{3BAC92FB-3EAC-4D51-8FC4-F53A0976260A}.Debug|Any CPU.ActiveCfg = Debug|Any CPU
		{3BAC92FB-3EAC-4D51-8FC4-F53A0976260A}.Debug|Any CPU.Build.0 = Debug|Any CPU
		{3BAC92FB-3EAC-4D51-8FC4-F53A0976260A}.Release|Any CPU.ActiveCfg = Release|Any CPU
		{3BAC92FB-3EAC-4D51-8FC4-F53A0976260A}.Release|Any CPU.Build.0 = Release|Any CPU
	EndGlobalSection
	GlobalSection(SolutionProperties) = preSolution
		HideSolutionNode = FALSE
	EndGlobalSection
	GlobalSection(ExtensibilityGlobals) = postSolution
		SolutionGuid = {8C4BF154-0B7F-4B5D-84F9-6CCFE562BE4B}
	EndGlobalSection
EndGlobal
