
Microsoft Visual Studio Solution File, Format Version 12.00
# Visual Studio 15
VisualStudioVersion = 15.0.27703.2035
MinimumVisualStudioVersion = 10.0.40219.1
Project("{FAE04EC0-301F-11D3-BF4B-00C04F79EFBC}") = "Movietheater.UI", "Movietheater.UI\Movietheater.UI.csproj", "{03F9B3F4-D720-40BD-BDB8-55A0D5222F6E}"
EndProject
Project("{FAE04EC0-301F-11D3-BF4B-00C04F79EFBC}") = "MovieTheaterLibrary", "MovieTheaterLibrary\MovieTheaterLibrary.csproj", "{BB2DC685-5246-4CF0-90CC-C3E76705175F}"
EndProject
Global
	GlobalSection(SolutionConfigurationPlatforms) = preSolution
		Debug|Any CPU = Debug|Any CPU
		Release|Any CPU = Release|Any CPU
	EndGlobalSection
	GlobalSection(ProjectConfigurationPlatforms) = postSolution
		{03F9B3F4-D720-40BD-BDB8-55A0D5222F6E}.Debug|Any CPU.ActiveCfg = Debug|Any CPU
		{03F9B3F4-D720-40BD-BDB8-55A0D5222F6E}.Debug|Any CPU.Build.0 = Debug|Any CPU
		{03F9B3F4-D720-40BD-BDB8-55A0D5222F6E}.Release|Any CPU.ActiveCfg = Release|Any CPU
		{03F9B3F4-D720-40BD-BDB8-55A0D5222F6E}.Release|Any CPU.Build.0 = Release|Any CPU
		{BB2DC685-5246-4CF0-90CC-C3E76705175F}.Debug|Any CPU.ActiveCfg = Debug|Any CPU
		{BB2DC685-5246-4CF0-90CC-C3E76705175F}.Debug|Any CPU.Build.0 = Debug|Any CPU
		{BB2DC685-5246-4CF0-90CC-C3E76705175F}.Release|Any CPU.ActiveCfg = Release|Any CPU
		{BB2DC685-5246-4CF0-90CC-C3E76705175F}.Release|Any CPU.Build.0 = Release|Any CPU
	EndGlobalSection
	GlobalSection(SolutionProperties) = preSolution
		HideSolutionNode = FALSE
	EndGlobalSection
	GlobalSection(ExtensibilityGlobals) = postSolution
		SolutionGuid = {EED57A1E-4648-4E72-938F-921F85D690A4}
	EndGlobalSection
EndGlobal
