
Microsoft Visual Studio Solution File, Format Version 12.00
# Visual Studio 15
VisualStudioVersion = 15.0.27703.2035
MinimumVisualStudioVersion = 10.0.40219.1
Project("{FAE04EC0-301F-11D3-BF4B-00C04F79EFBC}") = "AnimalsConsole", "AnimalsConsole\AnimalsConsole.csproj", "{76B9E47D-F524-42F0-83A4-A08B9BD02BE2}"
EndProject
Project("{FAE04EC0-301F-11D3-BF4B-00C04F79EFBC}") = "Animals.Library", "Animals.Library\Animals.Library.csproj", "{7877AACE-5320-4C0F-AD8A-F585124B1DEC}"
EndProject
Global
	GlobalSection(SolutionConfigurationPlatforms) = preSolution
		Debug|Any CPU = Debug|Any CPU
		Release|Any CPU = Release|Any CPU
	EndGlobalSection
	GlobalSection(ProjectConfigurationPlatforms) = postSolution
		{76B9E47D-F524-42F0-83A4-A08B9BD02BE2}.Debug|Any CPU.ActiveCfg = Debug|Any CPU
		{76B9E47D-F524-42F0-83A4-A08B9BD02BE2}.Debug|Any CPU.Build.0 = Debug|Any CPU
		{76B9E47D-F524-42F0-83A4-A08B9BD02BE2}.Release|Any CPU.ActiveCfg = Release|Any CPU
		{76B9E47D-F524-42F0-83A4-A08B9BD02BE2}.Release|Any CPU.Build.0 = Release|Any CPU
		{7877AACE-5320-4C0F-AD8A-F585124B1DEC}.Debug|Any CPU.ActiveCfg = Debug|Any CPU
		{7877AACE-5320-4C0F-AD8A-F585124B1DEC}.Debug|Any CPU.Build.0 = Debug|Any CPU
		{7877AACE-5320-4C0F-AD8A-F585124B1DEC}.Release|Any CPU.ActiveCfg = Release|Any CPU
		{7877AACE-5320-4C0F-AD8A-F585124B1DEC}.Release|Any CPU.Build.0 = Release|Any CPU
	EndGlobalSection
	GlobalSection(SolutionProperties) = preSolution
		HideSolutionNode = FALSE
	EndGlobalSection
	GlobalSection(ExtensibilityGlobals) = postSolution
		SolutionGuid = {6D7CCE44-622B-40C0-87C0-F8DEA859E7F4}
	EndGlobalSection
EndGlobal
