
Microsoft Visual Studio Solution File, Format Version 12.00
# Visual Studio 15
VisualStudioVersion = 15.0.27703.2035
MinimumVisualStudioVersion = 10.0.40219.1
Project("{FAE04EC0-301F-11D3-BF4B-00C04F79EFBC}") = "Disconnected", "Disconnected\Disconnected.csproj", "{7ABD8174-02B0-4E39-A7CA-70F864C645BF}"
EndProject
Global
	GlobalSection(SolutionConfigurationPlatforms) = preSolution
		Debug|Any CPU = Debug|Any CPU
		Release|Any CPU = Release|Any CPU
	EndGlobalSection
	GlobalSection(ProjectConfigurationPlatforms) = postSolution
		{7ABD8174-02B0-4E39-A7CA-70F864C645BF}.Debug|Any CPU.ActiveCfg = Debug|Any CPU
		{7ABD8174-02B0-4E39-A7CA-70F864C645BF}.Debug|Any CPU.Build.0 = Debug|Any CPU
		{7ABD8174-02B0-4E39-A7CA-70F864C645BF}.Release|Any CPU.ActiveCfg = Release|Any CPU
		{7ABD8174-02B0-4E39-A7CA-70F864C645BF}.Release|Any CPU.Build.0 = Release|Any CPU
	EndGlobalSection
	GlobalSection(SolutionProperties) = preSolution
		HideSolutionNode = FALSE
	EndGlobalSection
	GlobalSection(ExtensibilityGlobals) = postSolution
		SolutionGuid = {A1E99EBA-6F53-404E-85A7-B160CF3BFFAA}
	EndGlobalSection
EndGlobal
