
Microsoft Visual Studio Solution File, Format Version 12.00
# Visual Studio 15
VisualStudioVersion = 15.0.27703.2035
MinimumVisualStudioVersion = 10.0.40219.1
Project("{FAE04EC0-301F-11D3-BF4B-00C04F79EFBC}") = "Animals.UI", "Animals.Console\Animals.UI.csproj", "{81F2F183-3AF5-482A-9759-2FBCB6662CFF}"
EndProject
Project("{FAE04EC0-301F-11D3-BF4B-00C04F79EFBC}") = "Animals.Library", "ClassLibrary2\Animals.Library.csproj", "{70E37F0B-5671-4A2D-A5E9-03BD1446DE38}"
EndProject
Global
	GlobalSection(SolutionConfigurationPlatforms) = preSolution
		Debug|Any CPU = Debug|Any CPU
		Release|Any CPU = Release|Any CPU
	EndGlobalSection
	GlobalSection(ProjectConfigurationPlatforms) = postSolution
		{81F2F183-3AF5-482A-9759-2FBCB6662CFF}.Debug|Any CPU.ActiveCfg = Debug|Any CPU
		{81F2F183-3AF5-482A-9759-2FBCB6662CFF}.Debug|Any CPU.Build.0 = Debug|Any CPU
		{81F2F183-3AF5-482A-9759-2FBCB6662CFF}.Release|Any CPU.ActiveCfg = Release|Any CPU
		{81F2F183-3AF5-482A-9759-2FBCB6662CFF}.Release|Any CPU.Build.0 = Release|Any CPU
		{70E37F0B-5671-4A2D-A5E9-03BD1446DE38}.Debug|Any CPU.ActiveCfg = Debug|Any CPU
		{70E37F0B-5671-4A2D-A5E9-03BD1446DE38}.Debug|Any CPU.Build.0 = Debug|Any CPU
		{70E37F0B-5671-4A2D-A5E9-03BD1446DE38}.Release|Any CPU.ActiveCfg = Release|Any CPU
		{70E37F0B-5671-4A2D-A5E9-03BD1446DE38}.Release|Any CPU.Build.0 = Release|Any CPU
	EndGlobalSection
	GlobalSection(SolutionProperties) = preSolution
		HideSolutionNode = FALSE
	EndGlobalSection
	GlobalSection(ExtensibilityGlobals) = postSolution
		SolutionGuid = {D0C699DD-A1F7-4F74-92B7-C780C60B7611}
	EndGlobalSection
EndGlobal
