
Microsoft Visual Studio Solution File, Format Version 12.00
# Visual Studio 15
VisualStudioVersion = 15.0.27703.2035
MinimumVisualStudioVersion = 10.0.40219.1
Project("{FAE04EC0-301F-11D3-BF4B-00C04F79EFBC}") = "FizzBuzzApp", "FizzBuzzApp\FizzBuzzApp.csproj", "{C33F584A-69EE-43BD-973B-FE4D7C250110}"
EndProject
Global
	GlobalSection(SolutionConfigurationPlatforms) = preSolution
		Debug|Any CPU = Debug|Any CPU
		Release|Any CPU = Release|Any CPU
	EndGlobalSection
	GlobalSection(ProjectConfigurationPlatforms) = postSolution
		{C33F584A-69EE-43BD-973B-FE4D7C250110}.Debug|Any CPU.ActiveCfg = Debug|Any CPU
		{C33F584A-69EE-43BD-973B-FE4D7C250110}.Debug|Any CPU.Build.0 = Debug|Any CPU
		{C33F584A-69EE-43BD-973B-FE4D7C250110}.Release|Any CPU.ActiveCfg = Release|Any CPU
		{C33F584A-69EE-43BD-973B-FE4D7C250110}.Release|Any CPU.Build.0 = Release|Any CPU
	EndGlobalSection
	GlobalSection(SolutionProperties) = preSolution
		HideSolutionNode = FALSE
	EndGlobalSection
	GlobalSection(ExtensibilityGlobals) = postSolution
		SolutionGuid = {368ABED1-BAC9-4C73-8013-75C17C9D7E29}
	EndGlobalSection
EndGlobal
