
Microsoft Visual Studio Solution File, Format Version 12.00
# Visual Studio 15
VisualStudioVersion = 15.0.27703.2035
MinimumVisualStudioVersion = 10.0.40219.1
Project("{FAE04EC0-301F-11D3-BF4B-00C04F79EFBC}") = "FizzBuzzFinder", "FizzBuzzFinder\FizzBuzzFinder.csproj", "{5FEE49A1-8F63-4672-A541-47625613B88F}"
EndProject
Global
	GlobalSection(SolutionConfigurationPlatforms) = preSolution
		Debug|Any CPU = Debug|Any CPU
		Release|Any CPU = Release|Any CPU
	EndGlobalSection
	GlobalSection(ProjectConfigurationPlatforms) = postSolution
		{5FEE49A1-8F63-4672-A541-47625613B88F}.Debug|Any CPU.ActiveCfg = Debug|Any CPU
		{5FEE49A1-8F63-4672-A541-47625613B88F}.Debug|Any CPU.Build.0 = Debug|Any CPU
		{5FEE49A1-8F63-4672-A541-47625613B88F}.Release|Any CPU.ActiveCfg = Release|Any CPU
		{5FEE49A1-8F63-4672-A541-47625613B88F}.Release|Any CPU.Build.0 = Release|Any CPU
	EndGlobalSection
	GlobalSection(SolutionProperties) = preSolution
		HideSolutionNode = FALSE
	EndGlobalSection
	GlobalSection(ExtensibilityGlobals) = postSolution
		SolutionGuid = {C9007EA2-19E0-49B7-A02B-CF5FB87F41A1}
	EndGlobalSection
EndGlobal
