
Microsoft Visual Studio Solution File, Format Version 12.00
# Visual Studio 15
VisualStudioVersion = 15.0.27703.2035
MinimumVisualStudioVersion = 10.0.40219.1
Project("{9A19103F-16F7-4668-BE54-9A1E7A4F7556}") = "EFDBFirstDemo.ConsoleApp", "EFDBFirstDemo.ConsoleApp\EFDBFirstDemo.ConsoleApp.csproj", "{5FD91801-DE64-4522-B004-3E10BD89C52B}"
EndProject
Project("{9A19103F-16F7-4668-BE54-9A1E7A4F7556}") = "EFDBFirstDemo.Data", "EFDBFirstDemo.Data\EFDBFirstDemo.Data.csproj", "{0AFE3FEF-9D8F-44E3-AC3C-3DF53915CA0F}"
EndProject
Global
	GlobalSection(SolutionConfigurationPlatforms) = preSolution
		Debug|Any CPU = Debug|Any CPU
		Release|Any CPU = Release|Any CPU
	EndGlobalSection
	GlobalSection(ProjectConfigurationPlatforms) = postSolution
		{5FD91801-DE64-4522-B004-3E10BD89C52B}.Debug|Any CPU.ActiveCfg = Debug|Any CPU
		{5FD91801-DE64-4522-B004-3E10BD89C52B}.Debug|Any CPU.Build.0 = Debug|Any CPU
		{5FD91801-DE64-4522-B004-3E10BD89C52B}.Release|Any CPU.ActiveCfg = Release|Any CPU
		{5FD91801-DE64-4522-B004-3E10BD89C52B}.Release|Any CPU.Build.0 = Release|Any CPU
		{0AFE3FEF-9D8F-44E3-AC3C-3DF53915CA0F}.Debug|Any CPU.ActiveCfg = Debug|Any CPU
		{0AFE3FEF-9D8F-44E3-AC3C-3DF53915CA0F}.Debug|Any CPU.Build.0 = Debug|Any CPU
		{0AFE3FEF-9D8F-44E3-AC3C-3DF53915CA0F}.Release|Any CPU.ActiveCfg = Release|Any CPU
		{0AFE3FEF-9D8F-44E3-AC3C-3DF53915CA0F}.Release|Any CPU.Build.0 = Release|Any CPU
	EndGlobalSection
	GlobalSection(SolutionProperties) = preSolution
		HideSolutionNode = FALSE
	EndGlobalSection
	GlobalSection(ExtensibilityGlobals) = postSolution
		SolutionGuid = {6C8EDF4A-20A7-4D05-A78D-8CE5E096C920}
	EndGlobalSection
EndGlobal
