
Microsoft Visual Studio Solution File, Format Version 12.00
# Visual Studio 15
VisualStudioVersion = 15.0.27703.2035
MinimumVisualStudioVersion = 10.0.40219.1
Project("{FAE04EC0-301F-11D3-BF4B-00C04F79EFBC}") = "training-code", "training-code\training-code.csproj", "{EE3159A1-D766-495F-8420-8EE8A9693701}"
EndProject
Global
	GlobalSection(SolutionConfigurationPlatforms) = preSolution
		Debug|Any CPU = Debug|Any CPU
		Release|Any CPU = Release|Any CPU
	EndGlobalSection
	GlobalSection(ProjectConfigurationPlatforms) = postSolution
		{EE3159A1-D766-495F-8420-8EE8A9693701}.Debug|Any CPU.ActiveCfg = Debug|Any CPU
		{EE3159A1-D766-495F-8420-8EE8A9693701}.Debug|Any CPU.Build.0 = Debug|Any CPU
		{EE3159A1-D766-495F-8420-8EE8A9693701}.Release|Any CPU.ActiveCfg = Release|Any CPU
		{EE3159A1-D766-495F-8420-8EE8A9693701}.Release|Any CPU.Build.0 = Release|Any CPU
	EndGlobalSection
	GlobalSection(SolutionProperties) = preSolution
		HideSolutionNode = FALSE
	EndGlobalSection
	GlobalSection(ExtensibilityGlobals) = postSolution
		SolutionGuid = {D66F6BD0-3235-47D9-8E2C-D4B1A9002FEC}
	EndGlobalSection
EndGlobal
