
Microsoft Visual Studio Solution File, Format Version 12.00
# Visual Studio 15
VisualStudioVersion = 15.0.27703.2035
MinimumVisualStudioVersion = 10.0.40219.1
Project("{9A19103F-16F7-4668-BE54-9A1E7A4F7556}") = "BPJ.UI", "BPJ.Console\BPJ.UI.csproj", "{8D56AA1C-F855-49EF-82B1-FA78C6796C4A}"
EndProject
Project("{9A19103F-16F7-4668-BE54-9A1E7A4F7556}") = "BPJ.Test", "BPJ.Test\BPJ.Test.csproj", "{0136B5D9-2FA0-4C10-AB56-DDB13B0CCF2A}"
EndProject
Project("{9A19103F-16F7-4668-BE54-9A1E7A4F7556}") = "BPJ.Library", "BPJ.Library\BPJ.Library.csproj", "{C06F17CF-0D72-471D-9135-E2C6E8E4D379}"
EndProject
Global
	GlobalSection(SolutionConfigurationPlatforms) = preSolution
		Debug|Any CPU = Debug|Any CPU
		Release|Any CPU = Release|Any CPU
	EndGlobalSection
	GlobalSection(ProjectConfigurationPlatforms) = postSolution
		{8D56AA1C-F855-49EF-82B1-FA78C6796C4A}.Debug|Any CPU.ActiveCfg = Debug|Any CPU
		{8D56AA1C-F855-49EF-82B1-FA78C6796C4A}.Debug|Any CPU.Build.0 = Debug|Any CPU
		{8D56AA1C-F855-49EF-82B1-FA78C6796C4A}.Release|Any CPU.ActiveCfg = Release|Any CPU
		{8D56AA1C-F855-49EF-82B1-FA78C6796C4A}.Release|Any CPU.Build.0 = Release|Any CPU
		{0136B5D9-2FA0-4C10-AB56-DDB13B0CCF2A}.Debug|Any CPU.ActiveCfg = Debug|Any CPU
		{0136B5D9-2FA0-4C10-AB56-DDB13B0CCF2A}.Debug|Any CPU.Build.0 = Debug|Any CPU
		{0136B5D9-2FA0-4C10-AB56-DDB13B0CCF2A}.Release|Any CPU.ActiveCfg = Release|Any CPU
		{0136B5D9-2FA0-4C10-AB56-DDB13B0CCF2A}.Release|Any CPU.Build.0 = Release|Any CPU
		{C06F17CF-0D72-471D-9135-E2C6E8E4D379}.Debug|Any CPU.ActiveCfg = Debug|Any CPU
		{C06F17CF-0D72-471D-9135-E2C6E8E4D379}.Debug|Any CPU.Build.0 = Debug|Any CPU
		{C06F17CF-0D72-471D-9135-E2C6E8E4D379}.Release|Any CPU.ActiveCfg = Release|Any CPU
		{C06F17CF-0D72-471D-9135-E2C6E8E4D379}.Release|Any CPU.Build.0 = Release|Any CPU
	EndGlobalSection
	GlobalSection(SolutionProperties) = preSolution
		HideSolutionNode = FALSE
	EndGlobalSection
	GlobalSection(ExtensibilityGlobals) = postSolution
		SolutionGuid = {1EE3163F-77B9-4250-9313-08A770F5BD36}
	EndGlobalSection
EndGlobal
