
Microsoft Visual Studio Solution File, Format Version 12.00
# Visual Studio 15
VisualStudioVersion = 15.0.27703.2042
MinimumVisualStudioVersion = 10.0.40219.1
Project("{FAE04EC0-301F-11D3-BF4B-00C04F79EFBC}") = "MVCAndCodeFirst", "MVCAndCodeFirst\MVCAndCodeFirst.csproj", "{77554C27-B23F-4182-98B9-99965711B6B0}"
EndProject
Global
	GlobalSection(SolutionConfigurationPlatforms) = preSolution
		Debug|Any CPU = Debug|Any CPU
		Release|Any CPU = Release|Any CPU
	EndGlobalSection
	GlobalSection(ProjectConfigurationPlatforms) = postSolution
		{77554C27-B23F-4182-98B9-99965711B6B0}.Debug|Any CPU.ActiveCfg = Debug|Any CPU
		{77554C27-B23F-4182-98B9-99965711B6B0}.Debug|Any CPU.Build.0 = Debug|Any CPU
		{77554C27-B23F-4182-98B9-99965711B6B0}.Release|Any CPU.ActiveCfg = Release|Any CPU
		{77554C27-B23F-4182-98B9-99965711B6B0}.Release|Any CPU.Build.0 = Release|Any CPU
	EndGlobalSection
	GlobalSection(SolutionProperties) = preSolution
		HideSolutionNode = FALSE
	EndGlobalSection
	GlobalSection(ExtensibilityGlobals) = postSolution
		SolutionGuid = {329B210B-32B4-45BD-970F-8237BE7A46EB}
	EndGlobalSection
EndGlobal
