
Microsoft Visual Studio Solution File, Format Version 12.00
# Visual Studio 15
VisualStudioVersion = 15.0.27703.2042
MinimumVisualStudioVersion = 10.0.40219.1
Project("{FAE04EC0-301F-11D3-BF4B-00C04F79EFBC}") = "MVCAndCodeFirst", "MVCAndCodeFirst\MVCAndCodeFirst.csproj", "{E681041A-0CBE-449B-9AAE-80A75E61AFAF}"
EndProject
Global
	GlobalSection(SolutionConfigurationPlatforms) = preSolution
		Debug|Any CPU = Debug|Any CPU
		Release|Any CPU = Release|Any CPU
	EndGlobalSection
	GlobalSection(ProjectConfigurationPlatforms) = postSolution
		{E681041A-0CBE-449B-9AAE-80A75E61AFAF}.Debug|Any CPU.ActiveCfg = Debug|Any CPU
		{E681041A-0CBE-449B-9AAE-80A75E61AFAF}.Debug|Any CPU.Build.0 = Debug|Any CPU
		{E681041A-0CBE-449B-9AAE-80A75E61AFAF}.Release|Any CPU.ActiveCfg = Release|Any CPU
		{E681041A-0CBE-449B-9AAE-80A75E61AFAF}.Release|Any CPU.Build.0 = Release|Any CPU
	EndGlobalSection
	GlobalSection(SolutionProperties) = preSolution
		HideSolutionNode = FALSE
	EndGlobalSection
	GlobalSection(ExtensibilityGlobals) = postSolution
		SolutionGuid = {39456899-EBB2-4F16-957C-2DAC6B87392D}
	EndGlobalSection
EndGlobal
