
Microsoft Visual Studio Solution File, Format Version 12.00
# Visual Studio 15
VisualStudioVersion = 15.0.27703.2042
MinimumVisualStudioVersion = 10.0.40219.1
Project("{FAE04EC0-301F-11D3-BF4B-00C04F79EFBC}") = "DemoMVC", "DemoMVC\DemoMVC.csproj", "{C5B3B3C0-7C08-4EC0-8E70-215DC2BDE121}"
EndProject
Global
	GlobalSection(SolutionConfigurationPlatforms) = preSolution
		Debug|Any CPU = Debug|Any CPU
		Release|Any CPU = Release|Any CPU
	EndGlobalSection
	GlobalSection(ProjectConfigurationPlatforms) = postSolution
		{C5B3B3C0-7C08-4EC0-8E70-215DC2BDE121}.Debug|Any CPU.ActiveCfg = Debug|Any CPU
		{C5B3B3C0-7C08-4EC0-8E70-215DC2BDE121}.Debug|Any CPU.Build.0 = Debug|Any CPU
		{C5B3B3C0-7C08-4EC0-8E70-215DC2BDE121}.Release|Any CPU.ActiveCfg = Release|Any CPU
		{C5B3B3C0-7C08-4EC0-8E70-215DC2BDE121}.Release|Any CPU.Build.0 = Release|Any CPU
	EndGlobalSection
	GlobalSection(SolutionProperties) = preSolution
		HideSolutionNode = FALSE
	EndGlobalSection
	GlobalSection(ExtensibilityGlobals) = postSolution
		SolutionGuid = {967067D4-FA82-43AD-A8C6-8B417DDE77FD}
	EndGlobalSection
EndGlobal
