
Microsoft Visual Studio Solution File, Format Version 12.00
# Visual Studio 15
VisualStudioVersion = 15.0.27703.2035
MinimumVisualStudioVersion = 10.0.40219.1
Project("{FAE04EC0-301F-11D3-BF4B-00C04F79EFBC}") = "Palindrome.Library", "Palindrome.Library\Palindrome.Library.csproj", "{2B870436-7D0B-47CE-B7AD-2EA2DCE65AD0}"
EndProject
Project("{FAE04EC0-301F-11D3-BF4B-00C04F79EFBC}") = "Palindrome.Testing", "Palindrome.Testing\Palindrome.Testing.csproj", "{0A217F12-E656-41F4-B597-16A68BC687CF}"
EndProject
Global
	GlobalSection(SolutionConfigurationPlatforms) = preSolution
		Debug|Any CPU = Debug|Any CPU
		Release|Any CPU = Release|Any CPU
	EndGlobalSection
	GlobalSection(ProjectConfigurationPlatforms) = postSolution
		{2B870436-7D0B-47CE-B7AD-2EA2DCE65AD0}.Debug|Any CPU.ActiveCfg = Debug|Any CPU
		{2B870436-7D0B-47CE-B7AD-2EA2DCE65AD0}.Debug|Any CPU.Build.0 = Debug|Any CPU
		{2B870436-7D0B-47CE-B7AD-2EA2DCE65AD0}.Release|Any CPU.ActiveCfg = Release|Any CPU
		{2B870436-7D0B-47CE-B7AD-2EA2DCE65AD0}.Release|Any CPU.Build.0 = Release|Any CPU
		{0A217F12-E656-41F4-B597-16A68BC687CF}.Debug|Any CPU.ActiveCfg = Debug|Any CPU
		{0A217F12-E656-41F4-B597-16A68BC687CF}.Debug|Any CPU.Build.0 = Debug|Any CPU
		{0A217F12-E656-41F4-B597-16A68BC687CF}.Release|Any CPU.ActiveCfg = Release|Any CPU
		{0A217F12-E656-41F4-B597-16A68BC687CF}.Release|Any CPU.Build.0 = Release|Any CPU
	EndGlobalSection
	GlobalSection(SolutionProperties) = preSolution
		HideSolutionNode = FALSE
	EndGlobalSection
	GlobalSection(ExtensibilityGlobals) = postSolution
		SolutionGuid = {136EE024-6243-4098-8223-41D35C352362}
	EndGlobalSection
EndGlobal
