
Microsoft Visual Studio Solution File, Format Version 12.00
# Visual Studio 15
VisualStudioVersion = 15.0.27703.2035
MinimumVisualStudioVersion = 10.0.40219.1
Project("{FAE04EC0-301F-11D3-BF4B-00C04F79EFBC}") = "Palindrome.Library", "Palindrome.Library\Palindrome.Library.csproj", "{F29BB285-4FFD-4901-A531-8823B1093C62}"
EndProject
Project("{FAE04EC0-301F-11D3-BF4B-00C04F79EFBC}") = "Palindrome.Test", "Palindrome.Test\Palindrome.Test.csproj", "{BC1840B3-B04B-4D66-80B4-B6F901CA534A}"
EndProject
Global
	GlobalSection(SolutionConfigurationPlatforms) = preSolution
		Debug|Any CPU = Debug|Any CPU
		Release|Any CPU = Release|Any CPU
	EndGlobalSection
	GlobalSection(ProjectConfigurationPlatforms) = postSolution
		{F29BB285-4FFD-4901-A531-8823B1093C62}.Debug|Any CPU.ActiveCfg = Debug|Any CPU
		{F29BB285-4FFD-4901-A531-8823B1093C62}.Debug|Any CPU.Build.0 = Debug|Any CPU
		{F29BB285-4FFD-4901-A531-8823B1093C62}.Release|Any CPU.ActiveCfg = Release|Any CPU
		{F29BB285-4FFD-4901-A531-8823B1093C62}.Release|Any CPU.Build.0 = Release|Any CPU
		{BC1840B3-B04B-4D66-80B4-B6F901CA534A}.Debug|Any CPU.ActiveCfg = Debug|Any CPU
		{BC1840B3-B04B-4D66-80B4-B6F901CA534A}.Debug|Any CPU.Build.0 = Debug|Any CPU
		{BC1840B3-B04B-4D66-80B4-B6F901CA534A}.Release|Any CPU.ActiveCfg = Release|Any CPU
		{BC1840B3-B04B-4D66-80B4-B6F901CA534A}.Release|Any CPU.Build.0 = Release|Any CPU
	EndGlobalSection
	GlobalSection(SolutionProperties) = preSolution
		HideSolutionNode = FALSE
	EndGlobalSection
	GlobalSection(ExtensibilityGlobals) = postSolution
		SolutionGuid = {3B0DFAE3-6155-42FD-AC07-6AF5B91F0C92}
	EndGlobalSection
EndGlobal
