
Microsoft Visual Studio Solution File, Format Version 12.00
# Visual Studio 15
VisualStudioVersion = 15.0.27703.2035
MinimumVisualStudioVersion = 10.0.40219.1
Project("{FAE04EC0-301F-11D3-BF4B-00C04F79EFBC}") = "PizzaLibrary", "PizzaLibrary\PizzaLibrary.csproj", "{7461AC19-F316-4C31-BD55-EE459EEF748F}"
EndProject
Project("{FAE04EC0-301F-11D3-BF4B-00C04F79EFBC}") = "XUnitTest", "XUnitTest\XUnitTest.csproj", "{C6DAA36D-E3AA-4B4D-B889-846D798D3D4F}"
EndProject
Project("{FAE04EC0-301F-11D3-BF4B-00C04F79EFBC}") = "PizzaUI", "PizzaUI\PizzaUI.csproj", "{8D04005A-466F-4985-8E34-698658EF4A06}"
EndProject
Global
	GlobalSection(SolutionConfigurationPlatforms) = preSolution
		Debug|Any CPU = Debug|Any CPU
		Release|Any CPU = Release|Any CPU
	EndGlobalSection
	GlobalSection(ProjectConfigurationPlatforms) = postSolution
		{7461AC19-F316-4C31-BD55-EE459EEF748F}.Debug|Any CPU.ActiveCfg = Debug|Any CPU
		{7461AC19-F316-4C31-BD55-EE459EEF748F}.Debug|Any CPU.Build.0 = Debug|Any CPU
		{7461AC19-F316-4C31-BD55-EE459EEF748F}.Release|Any CPU.ActiveCfg = Release|Any CPU
		{7461AC19-F316-4C31-BD55-EE459EEF748F}.Release|Any CPU.Build.0 = Release|Any CPU
		{C6DAA36D-E3AA-4B4D-B889-846D798D3D4F}.Debug|Any CPU.ActiveCfg = Debug|Any CPU
		{C6DAA36D-E3AA-4B4D-B889-846D798D3D4F}.Debug|Any CPU.Build.0 = Debug|Any CPU
		{C6DAA36D-E3AA-4B4D-B889-846D798D3D4F}.Release|Any CPU.ActiveCfg = Release|Any CPU
		{C6DAA36D-E3AA-4B4D-B889-846D798D3D4F}.Release|Any CPU.Build.0 = Release|Any CPU
		{8D04005A-466F-4985-8E34-698658EF4A06}.Debug|Any CPU.ActiveCfg = Debug|Any CPU
		{8D04005A-466F-4985-8E34-698658EF4A06}.Debug|Any CPU.Build.0 = Debug|Any CPU
		{8D04005A-466F-4985-8E34-698658EF4A06}.Release|Any CPU.ActiveCfg = Release|Any CPU
		{8D04005A-466F-4985-8E34-698658EF4A06}.Release|Any CPU.Build.0 = Release|Any CPU
	EndGlobalSection
	GlobalSection(SolutionProperties) = preSolution
		HideSolutionNode = FALSE
	EndGlobalSection
	GlobalSection(ExtensibilityGlobals) = postSolution
		SolutionGuid = {1C57F8C6-FECD-42E5-BFC4-F03EC678CD78}
	EndGlobalSection
EndGlobal
