
Microsoft Visual Studio Solution File, Format Version 12.00
# Visual Studio 15
VisualStudioVersion = 15.0.27703.2035
MinimumVisualStudioVersion = 10.0.40219.1
Project("{FAE04EC0-301F-11D3-BF4B-00C04F79EFBC}") = "XMLSerialization", "XMLSerialization\XMLSerialization.csproj", "{282A4EBE-1E38-48A0-A21E-89C09347E018}"
EndProject
Global
	GlobalSection(SolutionConfigurationPlatforms) = preSolution
		Debug|Any CPU = Debug|Any CPU
		Release|Any CPU = Release|Any CPU
	EndGlobalSection
	GlobalSection(ProjectConfigurationPlatforms) = postSolution
		{282A4EBE-1E38-48A0-A21E-89C09347E018}.Debug|Any CPU.ActiveCfg = Debug|Any CPU
		{282A4EBE-1E38-48A0-A21E-89C09347E018}.Debug|Any CPU.Build.0 = Debug|Any CPU
		{282A4EBE-1E38-48A0-A21E-89C09347E018}.Release|Any CPU.ActiveCfg = Release|Any CPU
		{282A4EBE-1E38-48A0-A21E-89C09347E018}.Release|Any CPU.Build.0 = Release|Any CPU
	EndGlobalSection
	GlobalSection(SolutionProperties) = preSolution
		HideSolutionNode = FALSE
	EndGlobalSection
	GlobalSection(ExtensibilityGlobals) = postSolution
		SolutionGuid = {82129AD5-832A-467F-AB24-0B33E88D1C91}
	EndGlobalSection
EndGlobal
