
Microsoft Visual Studio Solution File, Format Version 12.00
# Visual Studio 15
VisualStudioVersion = 15.0.27130.2036
MinimumVisualStudioVersion = 10.0.40219.1
Project("{FAE04EC0-301F-11D3-BF4B-00C04F79EFBC}") = "Movie", "Movie\Movie.csproj", "{CCBE4602-5761-4BB9-AF33-9DE8AF6405D0}"
EndProject
Project("{FAE04EC0-301F-11D3-BF4B-00C04F79EFBC}") = "MovieTheater", "ConsoleApp1\MovieTheater.csproj", "{DE232857-A09A-43DE-9AC3-74C15C412570}"
EndProject
Global
	GlobalSection(SolutionConfigurationPlatforms) = preSolution
		Debug|Any CPU = Debug|Any CPU
		Release|Any CPU = Release|Any CPU
	EndGlobalSection
	GlobalSection(ProjectConfigurationPlatforms) = postSolution
		{CCBE4602-5761-4BB9-AF33-9DE8AF6405D0}.Debug|Any CPU.ActiveCfg = Debug|Any CPU
		{CCBE4602-5761-4BB9-AF33-9DE8AF6405D0}.Debug|Any CPU.Build.0 = Debug|Any CPU
		{CCBE4602-5761-4BB9-AF33-9DE8AF6405D0}.Release|Any CPU.ActiveCfg = Release|Any CPU
		{CCBE4602-5761-4BB9-AF33-9DE8AF6405D0}.Release|Any CPU.Build.0 = Release|Any CPU
		{DE232857-A09A-43DE-9AC3-74C15C412570}.Debug|Any CPU.ActiveCfg = Debug|Any CPU
		{DE232857-A09A-43DE-9AC3-74C15C412570}.Debug|Any CPU.Build.0 = Debug|Any CPU
		{DE232857-A09A-43DE-9AC3-74C15C412570}.Release|Any CPU.ActiveCfg = Release|Any CPU
		{DE232857-A09A-43DE-9AC3-74C15C412570}.Release|Any CPU.Build.0 = Release|Any CPU
	EndGlobalSection
	GlobalSection(SolutionProperties) = preSolution
		HideSolutionNode = FALSE
	EndGlobalSection
	GlobalSection(ExtensibilityGlobals) = postSolution
		SolutionGuid = {315203ED-A07E-4CAB-ABFE-946B9AF166A7}
	EndGlobalSection
EndGlobal
