
Microsoft Visual Studio Solution File, Format Version 12.00
# Visual Studio 15
VisualStudioVersion = 15.0.27703.2035
MinimumVisualStudioVersion = 10.0.40219.1
Project("{FAE04EC0-301F-11D3-BF4B-00C04F79EFBC}") = "Singleton.Interface", "Singleton.Interface\Singleton.Interface.csproj", "{7949F742-D7DA-4A00-9299-7B7D81C38554}"
EndProject
Project("{FAE04EC0-301F-11D3-BF4B-00C04F79EFBC}") = "Singleton.Library", "Singleton.Library\Singleton.Library.csproj", "{B38861AE-EEAF-4115-9CE4-744E13DC8FE5}"
EndProject
Project("{FAE04EC0-301F-11D3-BF4B-00C04F79EFBC}") = "Singleton.Test", "Singleton.Test\Singleton.Test.csproj", "{45F8396B-C2AB-4F6F-AAAC-907F773DA31B}"
EndProject
Global
	GlobalSection(SolutionConfigurationPlatforms) = preSolution
		Debug|Any CPU = Debug|Any CPU
		Release|Any CPU = Release|Any CPU
	EndGlobalSection
	GlobalSection(ProjectConfigurationPlatforms) = postSolution
		{7949F742-D7DA-4A00-9299-7B7D81C38554}.Debug|Any CPU.ActiveCfg = Debug|Any CPU
		{7949F742-D7DA-4A00-9299-7B7D81C38554}.Debug|Any CPU.Build.0 = Debug|Any CPU
		{7949F742-D7DA-4A00-9299-7B7D81C38554}.Release|Any CPU.ActiveCfg = Release|Any CPU
		{7949F742-D7DA-4A00-9299-7B7D81C38554}.Release|Any CPU.Build.0 = Release|Any CPU
		{B38861AE-EEAF-4115-9CE4-744E13DC8FE5}.Debug|Any CPU.ActiveCfg = Debug|Any CPU
		{B38861AE-EEAF-4115-9CE4-744E13DC8FE5}.Debug|Any CPU.Build.0 = Debug|Any CPU
		{B38861AE-EEAF-4115-9CE4-744E13DC8FE5}.Release|Any CPU.ActiveCfg = Release|Any CPU
		{B38861AE-EEAF-4115-9CE4-744E13DC8FE5}.Release|Any CPU.Build.0 = Release|Any CPU
		{45F8396B-C2AB-4F6F-AAAC-907F773DA31B}.Debug|Any CPU.ActiveCfg = Debug|Any CPU
		{45F8396B-C2AB-4F6F-AAAC-907F773DA31B}.Debug|Any CPU.Build.0 = Debug|Any CPU
		{45F8396B-C2AB-4F6F-AAAC-907F773DA31B}.Release|Any CPU.ActiveCfg = Release|Any CPU
		{45F8396B-C2AB-4F6F-AAAC-907F773DA31B}.Release|Any CPU.Build.0 = Release|Any CPU
	EndGlobalSection
	GlobalSection(SolutionProperties) = preSolution
		HideSolutionNode = FALSE
	EndGlobalSection
	GlobalSection(ExtensibilityGlobals) = postSolution
		SolutionGuid = {4F546A52-7B3F-4ECB-BAEB-5E3CBDA303CE}
	EndGlobalSection
EndGlobal
