
Microsoft Visual Studio Solution File, Format Version 12.00
# Visual Studio 15
VisualStudioVersion = 15.0.27703.2035
MinimumVisualStudioVersion = 10.0.40219.1
Project("{FAE04EC0-301F-11D3-BF4B-00C04F79EFBC}") = "MVCAndCodeFirst", "MVCAndCodeFirst\MVCAndCodeFirst.csproj", "{783629ED-4721-4DEF-A643-2A52EF52F97E}"
EndProject
Global
	GlobalSection(SolutionConfigurationPlatforms) = preSolution
		Debug|Any CPU = Debug|Any CPU
		Release|Any CPU = Release|Any CPU
	EndGlobalSection
	GlobalSection(ProjectConfigurationPlatforms) = postSolution
		{783629ED-4721-4DEF-A643-2A52EF52F97E}.Debug|Any CPU.ActiveCfg = Debug|Any CPU
		{783629ED-4721-4DEF-A643-2A52EF52F97E}.Debug|Any CPU.Build.0 = Debug|Any CPU
		{783629ED-4721-4DEF-A643-2A52EF52F97E}.Release|Any CPU.ActiveCfg = Release|Any CPU
		{783629ED-4721-4DEF-A643-2A52EF52F97E}.Release|Any CPU.Build.0 = Release|Any CPU
	EndGlobalSection
	GlobalSection(SolutionProperties) = preSolution
		HideSolutionNode = FALSE
	EndGlobalSection
	GlobalSection(ExtensibilityGlobals) = postSolution
		SolutionGuid = {18241EB9-38C9-45D9-93C1-650FD081F0CB}
	EndGlobalSection
EndGlobal
