
Microsoft Visual Studio Solution File, Format Version 12.00
# Visual Studio 15
VisualStudioVersion = 15.0.27703.2035
MinimumVisualStudioVersion = 10.0.40219.1
Project("{FAE04EC0-301F-11D3-BF4B-00C04F79EFBC}") = "XMLSerialization", "XMLSerialization\XMLSerialization.csproj", "{14EC0685-F220-41A7-B90E-E16887C7A081}"
EndProject
Project("{2150E333-8FDC-42A3-9474-1A3956D46DE8}") = "Solution Items", "Solution Items", "{93728120-418A-4D18-9D07-3D3715906D96}"
EndProject
Global
	GlobalSection(SolutionConfigurationPlatforms) = preSolution
		Debug|Any CPU = Debug|Any CPU
		Release|Any CPU = Release|Any CPU
	EndGlobalSection
	GlobalSection(ProjectConfigurationPlatforms) = postSolution
		{14EC0685-F220-41A7-B90E-E16887C7A081}.Debug|Any CPU.ActiveCfg = Debug|Any CPU
		{14EC0685-F220-41A7-B90E-E16887C7A081}.Debug|Any CPU.Build.0 = Debug|Any CPU
		{14EC0685-F220-41A7-B90E-E16887C7A081}.Release|Any CPU.ActiveCfg = Release|Any CPU
		{14EC0685-F220-41A7-B90E-E16887C7A081}.Release|Any CPU.Build.0 = Release|Any CPU
	EndGlobalSection
	GlobalSection(SolutionProperties) = preSolution
		HideSolutionNode = FALSE
	EndGlobalSection
	GlobalSection(ExtensibilityGlobals) = postSolution
		SolutionGuid = {1FB837B8-A215-45E2-9E45-CDE716E63F24}
	EndGlobalSection
EndGlobal
