
Microsoft Visual Studio Solution File, Format Version 12.00
# Visual Studio 15
VisualStudioVersion = 15.0.27703.2035
MinimumVisualStudioVersion = 10.0.40219.1
Project("{FAE04EC0-301F-11D3-BF4B-00C04F79EFBC}") = "DemoMVC", "DemoMVC\DemoMVC.csproj", "{1A0C6DD5-1B83-4D12-9E46-D6FA9EBE3A4E}"
EndProject
Global
	GlobalSection(SolutionConfigurationPlatforms) = preSolution
		Debug|Any CPU = Debug|Any CPU
		Release|Any CPU = Release|Any CPU
	EndGlobalSection
	GlobalSection(ProjectConfigurationPlatforms) = postSolution
		{1A0C6DD5-1B83-4D12-9E46-D6FA9EBE3A4E}.Debug|Any CPU.ActiveCfg = Debug|Any CPU
		{1A0C6DD5-1B83-4D12-9E46-D6FA9EBE3A4E}.Debug|Any CPU.Build.0 = Debug|Any CPU
		{1A0C6DD5-1B83-4D12-9E46-D6FA9EBE3A4E}.Release|Any CPU.ActiveCfg = Release|Any CPU
		{1A0C6DD5-1B83-4D12-9E46-D6FA9EBE3A4E}.Release|Any CPU.Build.0 = Release|Any CPU
	EndGlobalSection
	GlobalSection(SolutionProperties) = preSolution
		HideSolutionNode = FALSE
	EndGlobalSection
	GlobalSection(ExtensibilityGlobals) = postSolution
		SolutionGuid = {8E8BB824-08E4-48F9-8758-C1CA7E7FC9D4}
	EndGlobalSection
EndGlobal
