
Microsoft Visual Studio Solution File, Format Version 12.00
# Visual Studio 15
VisualStudioVersion = 15.0.27703.2035
MinimumVisualStudioVersion = 10.0.40219.1
Project("{FAE04EC0-301F-11D3-BF4B-00C04F79EFBC}") = "HelloWorldVS.Console", "HelloWorldVS.Console\HelloWorldVS.Console.csproj", "{C961B2CB-EBA9-402D-9BF1-BAEB2F361B6B}"
EndProject
Global
	GlobalSection(SolutionConfigurationPlatforms) = preSolution
		Debug|Any CPU = Debug|Any CPU
		Release|Any CPU = Release|Any CPU
	EndGlobalSection
	GlobalSection(ProjectConfigurationPlatforms) = postSolution
		{C961B2CB-EBA9-402D-9BF1-BAEB2F361B6B}.Debug|Any CPU.ActiveCfg = Debug|Any CPU
		{C961B2CB-EBA9-402D-9BF1-BAEB2F361B6B}.Debug|Any CPU.Build.0 = Debug|Any CPU
		{C961B2CB-EBA9-402D-9BF1-BAEB2F361B6B}.Release|Any CPU.ActiveCfg = Release|Any CPU
		{C961B2CB-EBA9-402D-9BF1-BAEB2F361B6B}.Release|Any CPU.Build.0 = Release|Any CPU
	EndGlobalSection
	GlobalSection(SolutionProperties) = preSolution
		HideSolutionNode = FALSE
	EndGlobalSection
	GlobalSection(ExtensibilityGlobals) = postSolution
		SolutionGuid = {6D482824-9CC7-457C-916D-5A601126856F}
	EndGlobalSection
EndGlobal
