
Microsoft Visual Studio Solution File, Format Version 12.00
# Visual Studio 15
VisualStudioVersion = 15.0.27703.2035
MinimumVisualStudioVersion = 10.0.40219.1
Project("{9A19103F-16F7-4668-BE54-9A1E7A4F7556}") = "FizzBuzz.console", "FizzBuzz.console\FizzBuzz.console.csproj", "{61EF6B9B-DF5E-4FE3-A4FF-E9243C976354}"
EndProject
Project("{FAE04EC0-301F-11D3-BF4B-00C04F79EFBC}") = "FizzBuzz.Library", "FizzBuzz.Library\FizzBuzz.Library.csproj", "{05BCA498-AE38-468A-8A1D-5B2F9EF1ABE4}"
EndProject
Global
	GlobalSection(SolutionConfigurationPlatforms) = preSolution
		Debug|Any CPU = Debug|Any CPU
		Release|Any CPU = Release|Any CPU
	EndGlobalSection
	GlobalSection(ProjectConfigurationPlatforms) = postSolution
		{61EF6B9B-DF5E-4FE3-A4FF-E9243C976354}.Debug|Any CPU.ActiveCfg = Debug|Any CPU
		{61EF6B9B-DF5E-4FE3-A4FF-E9243C976354}.Debug|Any CPU.Build.0 = Debug|Any CPU
		{61EF6B9B-DF5E-4FE3-A4FF-E9243C976354}.Release|Any CPU.ActiveCfg = Release|Any CPU
		{61EF6B9B-DF5E-4FE3-A4FF-E9243C976354}.Release|Any CPU.Build.0 = Release|Any CPU
		{05BCA498-AE38-468A-8A1D-5B2F9EF1ABE4}.Debug|Any CPU.ActiveCfg = Debug|Any CPU
		{05BCA498-AE38-468A-8A1D-5B2F9EF1ABE4}.Debug|Any CPU.Build.0 = Debug|Any CPU
		{05BCA498-AE38-468A-8A1D-5B2F9EF1ABE4}.Release|Any CPU.ActiveCfg = Release|Any CPU
		{05BCA498-AE38-468A-8A1D-5B2F9EF1ABE4}.Release|Any CPU.Build.0 = Release|Any CPU
	EndGlobalSection
	GlobalSection(SolutionProperties) = preSolution
		HideSolutionNode = FALSE
	EndGlobalSection
	GlobalSection(ExtensibilityGlobals) = postSolution
		SolutionGuid = {53A4DCA4-4424-4632-A737-E7BBDE2BCFCB}
	EndGlobalSection
EndGlobal
