
Microsoft Visual Studio Solution File, Format Version 12.00
# Visual Studio 15
VisualStudioVersion = 15.0.27703.2035
MinimumVisualStudioVersion = 10.0.40219.1
Project("{FAE04EC0-301F-11D3-BF4B-00C04F79EFBC}") = "AnimalsUI", "AnimalsUI\AnimalsUI.csproj", "{0BDE01E4-BAEF-49ED-880B-EAF6BC2EDA56}"
EndProject
Project("{FAE04EC0-301F-11D3-BF4B-00C04F79EFBC}") = "Animals.Library", "Animals.Library\Animals.Library.csproj", "{0D44B9CC-25F0-4183-8FF0-45E0FA1AFE59}"
EndProject
Global
	GlobalSection(SolutionConfigurationPlatforms) = preSolution
		Debug|Any CPU = Debug|Any CPU
		Release|Any CPU = Release|Any CPU
	EndGlobalSection
	GlobalSection(ProjectConfigurationPlatforms) = postSolution
		{0BDE01E4-BAEF-49ED-880B-EAF6BC2EDA56}.Debug|Any CPU.ActiveCfg = Debug|Any CPU
		{0BDE01E4-BAEF-49ED-880B-EAF6BC2EDA56}.Debug|Any CPU.Build.0 = Debug|Any CPU
		{0BDE01E4-BAEF-49ED-880B-EAF6BC2EDA56}.Release|Any CPU.ActiveCfg = Release|Any CPU
		{0BDE01E4-BAEF-49ED-880B-EAF6BC2EDA56}.Release|Any CPU.Build.0 = Release|Any CPU
		{0D44B9CC-25F0-4183-8FF0-45E0FA1AFE59}.Debug|Any CPU.ActiveCfg = Debug|Any CPU
		{0D44B9CC-25F0-4183-8FF0-45E0FA1AFE59}.Debug|Any CPU.Build.0 = Debug|Any CPU
		{0D44B9CC-25F0-4183-8FF0-45E0FA1AFE59}.Release|Any CPU.ActiveCfg = Release|Any CPU
		{0D44B9CC-25F0-4183-8FF0-45E0FA1AFE59}.Release|Any CPU.Build.0 = Release|Any CPU
	EndGlobalSection
	GlobalSection(SolutionProperties) = preSolution
		HideSolutionNode = FALSE
	EndGlobalSection
	GlobalSection(ExtensibilityGlobals) = postSolution
		SolutionGuid = {0B26E24F-6ACB-43EF-B3E3-71723AD2D10A}
	EndGlobalSection
EndGlobal
