
Microsoft Visual Studio Solution File, Format Version 12.00
# Visual Studio 15
VisualStudioVersion = 15.0.27703.2035
MinimumVisualStudioVersion = 10.0.40219.1
Project("{FAE04EC0-301F-11D3-BF4B-00C04F79EFBC}") = "FizzBuzz", "FizzBuzz\FizzBuzz.csproj", "{75DC3C1B-220C-4BAD-8FD0-71992701E2B5}"
EndProject
Global
	GlobalSection(SolutionConfigurationPlatforms) = preSolution
		Debug|Any CPU = Debug|Any CPU
		Release|Any CPU = Release|Any CPU
	EndGlobalSection
	GlobalSection(ProjectConfigurationPlatforms) = postSolution
		{75DC3C1B-220C-4BAD-8FD0-71992701E2B5}.Debug|Any CPU.ActiveCfg = Debug|Any CPU
		{75DC3C1B-220C-4BAD-8FD0-71992701E2B5}.Debug|Any CPU.Build.0 = Debug|Any CPU
		{75DC3C1B-220C-4BAD-8FD0-71992701E2B5}.Release|Any CPU.ActiveCfg = Release|Any CPU
		{75DC3C1B-220C-4BAD-8FD0-71992701E2B5}.Release|Any CPU.Build.0 = Release|Any CPU
	EndGlobalSection
	GlobalSection(SolutionProperties) = preSolution
		HideSolutionNode = FALSE
	EndGlobalSection
	GlobalSection(ExtensibilityGlobals) = postSolution
		SolutionGuid = {8C76CC77-F00A-443A-BBE3-89CEB1CF6879}
	EndGlobalSection
EndGlobal
